
Microsoft Visual Studio Solution File, Format Version 12.00
# Visual Studio Version 17
VisualStudioVersion = 17.14.36414.22 d17.14
MinimumVisualStudioVersion = 10.0.40219.1
Project("{FAE04EC0-301F-11D3-BF4B-00C04F79EFBC}") = "WalletCore", "WalletCore\WalletCore.csproj", "{03ADF3BC-39ED-4E62-843B-F04B6951945F}"
EndProject
Project("{FAE04EC0-301F-11D3-BF4B-00C04F79EFBC}") = "WalletCore.Domain", "WalletCore.Domain\WalletCore.Domain.csproj", "{C63B4401-5D09-4D8A-A26D-0283073D7D7C}"
EndProject
Project("{FAE04EC0-301F-11D3-BF4B-00C04F79EFBC}") = "WalletCore.Application", "WalletCore.Application\WalletCore.Application.csproj", "{F8F39876-CC50-436B-8DE7-617420819075}"
EndProject
Project("{FAE04EC0-301F-11D3-BF4B-00C04F79EFBC}") = "WalletCore.Infrastructure", "WalletCore.Infrastructure\WalletCore.Infrastructure.csproj", "{A52AF957-5B8D-4F2E-AD9F-710AB8A854B9}"
EndProject
Global
	GlobalSection(SolutionConfigurationPlatforms) = preSolution
		Debug|Any CPU = Debug|Any CPU
		Release|Any CPU = Release|Any CPU
	EndGlobalSection
	GlobalSection(ProjectConfigurationPlatforms) = postSolution
		{03ADF3BC-39ED-4E62-843B-F04B6951945F}.Debug|Any CPU.ActiveCfg = Debug|Any CPU
		{03ADF3BC-39ED-4E62-843B-F04B6951945F}.Debug|Any CPU.Build.0 = Debug|Any CPU
		{03ADF3BC-39ED-4E62-843B-F04B6951945F}.Release|Any CPU.ActiveCfg = Release|Any CPU
		{03ADF3BC-39ED-4E62-843B-F04B6951945F}.Release|Any CPU.Build.0 = Release|Any CPU
		{C63B4401-5D09-4D8A-A26D-0283073D7D7C}.Debug|Any CPU.ActiveCfg = Debug|Any CPU
		{C63B4401-5D09-4D8A-A26D-0283073D7D7C}.Debug|Any CPU.Build.0 = Debug|Any CPU
		{C63B4401-5D09-4D8A-A26D-0283073D7D7C}.Release|Any CPU.ActiveCfg = Release|Any CPU
		{C63B4401-5D09-4D8A-A26D-0283073D7D7C}.Release|Any CPU.Build.0 = Release|Any CPU
		{F8F39876-CC50-436B-8DE7-617420819075}.Debug|Any CPU.ActiveCfg = Debug|Any CPU
		{F8F39876-CC50-436B-8DE7-617420819075}.Debug|Any CPU.Build.0 = Debug|Any CPU
		{F8F39876-CC50-436B-8DE7-617420819075}.Release|Any CPU.ActiveCfg = Release|Any CPU
		{F8F39876-CC50-436B-8DE7-617420819075}.Release|Any CPU.Build.0 = Release|Any CPU
		{A52AF957-5B8D-4F2E-AD9F-710AB8A854B9}.Debug|Any CPU.ActiveCfg = Debug|Any CPU
		{A52AF957-5B8D-4F2E-AD9F-710AB8A854B9}.Debug|Any CPU.Build.0 = Debug|Any CPU
		{A52AF957-5B8D-4F2E-AD9F-710AB8A854B9}.Release|Any CPU.ActiveCfg = Release|Any CPU
		{A52AF957-5B8D-4F2E-AD9F-710AB8A854B9}.Release|Any CPU.Build.0 = Release|Any CPU
	EndGlobalSection
	GlobalSection(SolutionProperties) = preSolution
		HideSolutionNode = FALSE
	EndGlobalSection
	GlobalSection(ExtensibilityGlobals) = postSolution
		SolutionGuid = {F6194FB5-3662-4B64-B474-5DD72CDB7422}
	EndGlobalSection
EndGlobal
